
Microsoft Visual Studio Solution File, Format Version 12.00
# Visual Studio Version 17
VisualStudioVersion = 17.3.32825.248
MinimumVisualStudioVersion = 10.0.40219.1
Project("{FAE04EC0-301F-11D3-BF4B-00C04F79EFBC}") = "TimeoutController", "TimeoutController.csproj", "{992AED53-F821-4102-9A43-A89EB27BF257}"
EndProject
Global
	GlobalSection(SolutionConfigurationPlatforms) = preSolution
		Debug|Any CPU = Debug|Any CPU
		Release|Any CPU = Release|Any CPU
	EndGlobalSection
	GlobalSection(ProjectConfigurationPlatforms) = postSolution
		{992AED53-F821-4102-9A43-A89EB27BF257}.Debug|Any CPU.ActiveCfg = Debug|Any CPU
		{992AED53-F821-4102-9A43-A89EB27BF257}.Debug|Any CPU.Build.0 = Debug|Any CPU
		{992AED53-F821-4102-9A43-A89EB27BF257}.Release|Any CPU.ActiveCfg = Release|Any CPU
		{992AED53-F821-4102-9A43-A89EB27BF257}.Release|Any CPU.Build.0 = Release|Any CPU
	EndGlobalSection
	GlobalSection(SolutionProperties) = preSolution
		HideSolutionNode = FALSE
	EndGlobalSection
	GlobalSection(ExtensibilityGlobals) = postSolution
		SolutionGuid = {95816BEF-A5A8-4674-99B8-24ABE107B841}
	EndGlobalSection
EndGlobal
